// !$*UTF8*$!
{
	archiveVersion = 1;
	classes = {
	};
	objectVersion = 48;
	objects = {

/* Begin PBXBuildFile section */
		14B27DF71FCF30D800E079C4 /* AppDelegate.swift in Sources */ = {isa = PBXBuildFile; fileRef = 14B27DF61FCF30D800E079C4 /* AppDelegate.swift */; };
		14B27DF91FCF30D800E079C4 /* ViewController.swift in Sources */ = {isa = PBXBuildFile; fileRef = 14B27DF81FCF30D800E079C4 /* ViewController.swift */; };
		14B27DFC1FCF30D800E079C4 /* Main.storyboard in Resources */ = {isa = PBXBuildFile; fileRef = 14B27DFA1FCF30D800E079C4 /* Main.storyboard */; };
		14B27DFE1FCF30D800E079C4 /* Assets.xcassets in Resources */ = {isa = PBXBuildFile; fileRef = 14B27DFD1FCF30D800E079C4 /* Assets.xcassets */; };
		14B27E011FCF30D800E079C4 /* LaunchScreen.storyboard in Resources */ = {isa = PBXBuildFile; fileRef = 14B27DFF1FCF30D800E079C4 /* LaunchScreen.storyboard */; };
/* End PBXBuildFile section */

/* Begin PBXFileReference section */
		14B27DF31FCF30D800E079C4 /* KeyboardBugReproducer.app */ = {isa = PBXFileReference; explicitFileType = wrapper.application; includeInIndex = 0; path = KeyboardBugReproducer.app; sourceTree = BUILT_PRODUCTS_DIR; };
		14B27DF61FCF30D800E079C4 /* AppDelegate.swift */ = {isa = PBXFileReference; lastKnownFileType = sourcecode.swift; path = AppDelegate.swift; sourceTree = "<group>"; };
		14B27DF81FCF30D800E079C4 /* ViewController.swift */ = {isa = PBXFileReference; lastKnownFileType = sourcecode.swift; path = ViewController.swift; sourceTree = "<group>"; };
		14B27DFB1FCF30D800E079C4 /* Base */ = {isa = PBXFileReference; lastKnownFileType = file.storyboard; name = Base; path = Base.lproj/Main.storyboard; sourceTree = "<group>"; };
		14B27DFD1FCF30D800E079C4 /* Assets.xcassets */ = {isa = PBXFileReference; lastKnownFileType = folder.assetcatalog; path = Assets.xcassets; sourceTree = "<group>"; };
		14B27E001FCF30D800E079C4 /* Base */ = {isa = PBXFileReference; lastKnownFileType = file.storyboard; name = Base; path = Base.lproj/LaunchScreen.storyboard; sourceTree = "<group>"; };
		14B27E021FCF30D800E079C4 /* Info.plist */ = {isa = PBXFileReference; lastKnownFileType = text.plist.xml; path = Info.plist; sourceTree = "<group>"; };
/* End PBXFileReference section */

/* Begin PBXFrameworksBuildPhase section */
		14B27DF01FCF30D800E079C4 /* Frameworks */ = {
			isa = PBXFrameworksBuildPhase;
			buildActionMask = 2147483647;
			files = (
			);
			runOnlyForDeploymentPostprocessing = 0;
		};
/* End PBXFrameworksBuildPhase section */

/* Begin PBXGroup section */
		14B27DEA1FCF30D800E079C4 = {
			isa = PBXGroup;
			children = (
				14B27DF51FCF30D800E079C4 /* KeyboardBugReproducer */,
				14B27DF41FCF30D800E079C4 /* Products */,
			);
			sourceTree = "<group>";
		};
		14B27DF41FCF30D800E079C4 /* Products */ = {
			isa = PBXGroup;
			children = (
				14B27DF31FCF30D800E079C4 /* KeyboardBugReproducer.app */,
			);
			name = Products;
			sourceTree = "<group>";
		};
		14B27DF51FCF30D800E079C4 /* KeyboardBugReproducer */ = {
			isa = PBXGroup;
			children = (
				14B27DF61FCF30D800E079C4 /* AppDelegate.swift */,
				14B27DF81FCF30D800E079C4 /* ViewController.swift */,
				14B27DFA1FCF30D800E079C4 /* Main.storyboard */,
				14B27DFD1FCF30D800E079C4 /* Assets.xcassets */,
				14B27DFF1FCF30D800E079C4 /* LaunchScreen.storyboard */,
				14B27E021FCF30D800E079C4 /* Info.plist */,
			);
			path = KeyboardBugReproducer;
			sourceTree = "<group>";
		};
/* End PBXGroup section */

/* Begin PBXNativeTarget section */
		14B27DF21FCF30D800E079C4 /* KeyboardBugReproducer */ = {
			isa = PBXNativeTarget;
			buildConfigurationList = 14B27E051FCF30D800E079C4 /* Build configuration list for PBXNativeTarget "KeyboardBugReproducer" */;
			buildPhases = (
				14B27DEF1FCF30D800E079C4 /* Sources */,
				14B27DF01FCF30D800E079C4 /* Frameworks */,
				14B27DF11FCF30D800E079C4 /* Resources */,
			);
			buildRules = (
			);
			dependencies = (
			);
			name = KeyboardBugReproducer;
			productName = KeyboardBugReproducer;
			productReference = 14B27DF31FCF30D800E079C4 /* KeyboardBugReproducer.app */;
			productType = "com.apple.product-type.application";
		};
/* End PBXNativeTarget section */

/* Begin PBXProject section */
		14B27DEB1FCF30D800E079C4 /* Project object */ = {
			isa = PBXProject;
			attributes = {
				LastSwiftUpdateCheck = 0910;
				LastUpgradeCheck = 0910;
				ORGANIZATIONNAME = "Zack Sheppard";
				TargetAttributes = {
					14B27DF21FCF30D800E079C4 = {
						CreatedOnToolsVersion = 9.1;
						ProvisioningStyle = Automatic;
					};
				};
			};
			buildConfigurationList = 14B27DEE1FCF30D800E079C4 /* Build configuration list for PBXProject "KeyboardBugReproducer" */;
			compatibilityVersion = "Xcode 8.0";
			developmentRegion = en;
			hasScannedForEncodings = 0;
			knownRegions = (
				en,
				Base,
			);
			mainGroup = 14B27DEA1FCF30D800E079C4;
			productRefGroup = 14B27DF41FCF30D800E079C4 /* Products */;
			projectDirPath = "";
			projectRoot = "";
			targets = (
				14B27DF21FCF30D800E079C4 /* KeyboardBugReproducer */,
			);
		};
/* End PBXProject section */

/* Begin PBXResourcesBuildPhase section */
		14B27DF11FCF30D800E079C4 /* Resources */ = {
			isa = PBXResourcesBuildPhase;
			buildActionMask = 2147483647;
			files = (
				14B27E011FCF30D800E079C4 /* LaunchScreen.storyboard in Resources */,
				14B27DFE1FCF30D800E079C4 /* Assets.xcassets in Resources */,
				14B27DFC1FCF30D800E079C4 /* Main.storyboard in Resources */,
			);
			runOnlyForDeploymentPostprocessing = 0;
		};
/* End PBXResourcesBuildPhase section */

/* Begin PBXSourcesBuildPhase section */
		14B27DEF1FCF30D800E079C4 /* Sources */ = {
			isa = PBXSourcesBuildPhase;
			buildActionMask = 2147483647;
			files = (
				14B27DF91FCF30D800E079C4 /* ViewController.swift in Sources */,
				14B27DF71FCF30D800E079C4 /* AppDelegate.swift in Sources */,
			);
			runOnlyForDeploymentPostprocessing = 0;
		};
/* End PBXSourcesBuildPhase section */

/* Begin PBXVariantGroup section */
		14B27DFA1FCF30D800E079C4 /* Main.storyboard */ = {
			isa = PBXVariantGroup;
			children = (
				14B27DFB1FCF30D800E079C4 /* Base */,
			);
			name = Main.storyboard;
			sourceTree = "<group>";
		};
		14B27DFF1FCF30D800E079C4 /* LaunchScreen.storyboard */ = {
			isa = PBXVariantGroup;
			children = (
				14B27E001FCF30D800E079C4 /* Base */,
			);
			name = LaunchScreen.storyboard;
			sourceTree = "<group>";
		};
/* End PBXVariantGroup section */

/* Begin XCBuildConfiguration section */
		14B27E031FCF30D800E079C4 /* Debug */ = {
			isa = XCBuildConfiguration;
			buildSettings = {
				ALWAYS_SEARCH_USER_PATHS = NO;
				CLANG_ANALYZER_NONNULL = YES;
				CLANG_ANALYZER_NUMBER_OBJECT_CONVERSION = YES_AGGRESSIVE;
				CLANG_CXX_LANGUAGE_STANDARD = "gnu++14";
				CLANG_CXX_LIBRARY = "libc++";
				CLANG_ENABLE_MODULES = YES;
				CLANG_ENABLE_OBJC_ARC = YES;
				CLANG_WARN_BLOCK_CAPTURE_AUTORELEASING = YES;
				CLANG_WARN_BOOL_CONVERSION = YES;
				CLANG_WARN_COMMA = YES;
				CLANG_WARN_CONSTANT_CONVERSION = YES;
				CLANG_WARN_DIRECT_OBJC_ISA_USAGE = YES_ERROR;
				CLANG_WARN_DOCUMENTATION_COMMENTS = YES;
				CLANG_WARN_EMPTY_BODY = YES;
				CLANG_WARN_ENUM_CONVERSION = YES;
				CLANG_WARN_INFINITE_RECURSION = YES;
				CLANG_WARN_INT_CONVERSION = YES;
				CLANG_WARN_NON_LITERAL_NULL_CONVERSION = YES;
				CLANG_WARN_OBJC_LITERAL_CONVERSION = YES;
				CLANG_WARN_OBJC_ROOT_CLASS = YES_ERROR;
				CLANG_WARN_RANGE_LOOP_ANALYSIS = YES;
				CLANG_WARN_STRICT_PROTOTYPES = YES;
				CLANG_WARN_SUSPICIOUS_MOVE = YES;
				CLANG_WARN_UNGUARDED_AVAILABILITY = YES_AGGRESSIVE;
				CLANG_WARN_UNREACHABLE_CODE = YES;
				CLANG_WARN__DUPLICATE_METHOD_MATCH = YES;
				CODE_SIGN_IDENTITY = "iPhone Developer";
				COPY_PHASE_STRIP = NO;
				DEBUG_INFORMATION_FORMAT = dwarf;
				ENABLE_STRICT_OBJC_MSGSEND = YES;
				ENABLE_TESTABILITY = YES;
				GCC_C_LANGUAGE_STANDARD = gnu11;
				GCC_DYNAMIC_NO_PIC = NO;
				GCC_NO_COMMON_BLOCKS = YES;
				GCC_OPTIMIZATION_LEVEL = 0;
				GCC_PREPROCESSOR_DEFINITIONS = (
					"DEBUG=1",
					"$(inherited)",
				);
				GCC_WARN_64_TO_32_BIT_CONVERSION = YES;
				GCC_WARN_ABOUT_RETURN_TYPE = YES_ERROR;
				GCC_WARN_UNDECLARED_SELECTOR = YES;
				GCC_WARN_UNINITIALIZED_AUTOS = YES_AGGRESSIVE;
				GCC_WARN_UNUSED_FUNCTION = YES;
				GCC_WARN_UNUSED_VARIABLE = YES;
				IPHONEOS_DEPLOYMENT_TARGET = 11.1;
				MTL_ENABLE_DEBUG_INFO = YES;
				ONLY_ACTIVE_ARCH = YES;
				SDKROOT = iphoneos;
				SWIFT_ACTIVE_COMPILATION_CONDITIONS = DEBUG;
				SWIFT_OPTIMIZATION_LEVEL = "-Onone";
			};
			name = Debug;
		};
		14B27E041FCF30D800E079C4 /* Release */ = {
			isa = XCBuildConfiguration;
			buildSettings = {
				ALWAYS_SEARCH_USER_PATHS = NO;
				CLANG_ANALYZER_NONNULL = YES;
				CLANG_ANALYZER_NUMBER_OBJECT_CONVERSION = YES_AGGRESSIVE;
				CLANG_CXX_LANGUAGE_STANDARD = "gnu++14";
				CLANG_CXX_LIBRARY = "libc++";
				CLANG_ENABLE_MODULES = YES;
				CLANG_ENABLE_OBJC_ARC = YES;
				CLANG_WARN_BLOCK_CAPTURE_AUTORELEASING = YES;
				CLANG_WARN_BOOL_CONVERSION = YES;
				CLANG_WARN_COMMA = YES;
				CLANG_WARN_CONSTANT_CONVERSION = YES;
				CLANG_WARN_DIRECT_OBJC_ISA_USAGE = YES_ERROR;
				CLANG_WARN_DOCUMENTATION_COMMENTS = YES;
				CLANG_WARN_EMPTY_BODY = YES;
				CLANG_WARN_ENUM_CONVERSION = YES;
				CLANG_WARN_INFINITE_RECURSION = YES;
				CLANG_WARN_INT_CONVERSION = YES;
				CLANG_WARN_NON_LITERAL_NULL_CONVERSION = YES;
				CLANG_WARN_OBJC_LITERAL_CONVERSION = YES;
				CLANG_WARN_OBJC_ROOT_CLASS = YES_ERROR;
				CLANG_WARN_RANGE_LOOP_ANALYSIS = YES;
				CLANG_WARN_STRICT_PROTOTYPES = YES;
				CLANG_WARN_SUSPICIOUS_MOVE = YES;
				CLANG_WARN_UNGUARDED_AVAILABILITY = YES_AGGRESSIVE;
				CLANG_WARN_UNREACHABLE_CODE = YES;
				CLANG_WARN__DUPLICATE_METHOD_MATCH = YES;
				CODE_SIGN_IDENTITY = "iPhone Developer";
				COPY_PHASE_STRIP = NO;
				DEBUG_INFORMATION_FORMAT = "dwarf-with-dsym";
				ENABLE_NS_ASSERTIONS = NO;
				ENABLE_STRICT_OBJC_MSGSEND = YES;
				GCC_C_LANGUAGE_STANDARD = gnu11;
				GCC_NO_COMMON_BLOCKS = YES;
				GCC_WARN_64_TO_32_BIT_CONVERSION = YES;
				GCC_WARN_ABOUT_RETURN_TYPE = YES_ERROR;
				GCC_WARN_UNDECLARED_SELECTOR = YES;
				GCC_WARN_UNINITIALIZED_AUTOS = YES_AGGRESSIVE;
				GCC_WARN_UNUSED_FUNCTION = YES;
				GCC_WARN_UNUSED_VARIABLE = YES;
				IPHONEOS_DEPLOYMENT_TARGET = 11.1;
				MTL_ENABLE_DEBUG_INFO = NO;
				SDKROOT = iphoneos;
				SWIFT_OPTIMIZATION_LEVEL = "-Owholemodule";
				VALIDATE_PRODUCT = YES;
			};
			name = Release;
		};
		14B27E061FCF30D800E079C4 /* Debug */ = {
			isa = XCBuildConfiguration;
			buildSettings = {
				ASSETCATALOG_COMPILER_APPICON_NAME = AppIcon;
				CODE_SIGN_STYLE = Automatic;
				DEVELOPMENT_TEAM = YUSX48D3KF;
				INFOPLIST_FILE = KeyboardBugReproducer/Info.plist;
				LD_RUNPATH_SEARCH_PATHS = "$(inherited) @executable_path/Frameworks";
				PRODUCT_BUNDLE_IDENTIFIER = com.zacksheppard.KeyboardBugReproducer;
				PRODUCT_NAME = "$(TARGET_NAME)";
				SWIFT_VERSION = 4.0;
				TARGETED_DEVICE_FAMILY = "1,2";
			};
			name = Debug;
		};
		14B27E071FCF30D800E079C4 /* Release */ = {
			isa = XCBuildConfiguration;
			buildSettings = {
				ASSETCATALOG_COMPILER_APPICON_NAME = AppIcon;
				CODE_SIGN_STYLE = Automatic;
				DEVELOPMENT_TEAM = YUSX48D3KF;
				INFOPLIST_FILE = KeyboardBugReproducer/Info.plist;
				LD_RUNPATH_SEARCH_PATHS = "$(inherited) @executable_path/Frameworks";
				PRODUCT_BUNDLE_IDENTIFIER = com.zacksheppard.KeyboardBugReproducer;
				PRODUCT_NAME = "$(TARGET_NAME)";
				SWIFT_VERSION = 4.0;
				TARGETED_DEVICE_FAMILY = "1,2";
			};
			name = Release;
		};
/* End XCBuildConfiguration section */

/* Begin XCConfigurationList section */
		14B27DEE1FCF30D800E079C4 /* Build configuration list for PBXProject "KeyboardBugReproducer" */ = {
			isa = XCConfigurationList;
			buildConfigurations = (
				14B27E031FCF30D800E079C4 /* Debug */,
				14B27E041FCF30D800E079C4 /* Release */,
			);
			defaultConfigurationIsVisible = 0;
			defaultConfigurationName = Release;
		};
		14B27E051FCF30D800E079C4 /* Build configuration list for PBXNativeTarget "KeyboardBugReproducer" */ = {
			isa = XCConfigurationList;
			buildConfigurations = (
				14B27E061FCF30D800E079C4 /* Debug */,
				14B27E071FCF30D800E079C4 /* Release */,
			);
			defaultConfigurationIsVisible = 0;
			defaultConfigurationName = Release;
		};
/* End XCConfigurationList section */
	};
	rootObject = 14B27DEB1FCF30D800E079C4 /* Project object */;
}
